
Microsoft Visual Studio Solution File, Format Version 12.00
# Visual Studio Version 16
VisualStudioVersion = 16.0.30225.117
MinimumVisualStudioVersion = 10.0.40219.1
Project("{FAE04EC0-301F-11D3-BF4B-00C04F79EFBC}") = "eTickets", "eTickets\eTickets.csproj", "{2F6B3AAA-F3FA-4F24-823D-58E2AC562A0F}"
EndProject
Global
	GlobalSection(SolutionConfigurationPlatforms) = preSolution
		Debug|Any CPU = Debug|Any CPU
		Release|Any CPU = Release|Any CPU
	EndGlobalSection
	GlobalSection(ProjectConfigurationPlatforms) = postSolution
		{2F6B3AAA-F3FA-4F24-823D-58E2AC562A0F}.Debug|Any CPU.ActiveCfg = Debug|Any CPU
		{2F6B3AAA-F3FA-4F24-823D-58E2AC562A0F}.Debug|Any CPU.Build.0 = Debug|Any CPU
		{2F6B3AAA-F3FA-4F24-823D-58E2AC562A0F}.Release|Any CPU.ActiveCfg = Release|Any CPU
		{2F6B3AAA-F3FA-4F24-823D-58E2AC562A0F}.Release|Any CPU.Build.0 = Release|Any CPU
	EndGlobalSection
	GlobalSection(SolutionProperties) = preSolution
		HideSolutionNode = FALSE
	EndGlobalSection
	GlobalSection(ExtensibilityGlobals) = postSolution
		SolutionGuid = {041B75FD-EA71-4E07-BDA5-D84C9AA68B5A}
	EndGlobalSection
EndGlobal
